
Microsoft Visual Studio Solution File, Format Version 12.00
# Visual Studio Version 17
VisualStudioVersion = 17.14.36915.13
MinimumVisualStudioVersion = 10.0.40219.1
Project("{FAE04EC0-301F-11D3-BF4B-00C04F79EFBC}") = "MediaMonitor.Tray", "MediaMonitor.Tray\MediaMonitor.Tray.csproj", "{FD5A4A20-4358-C998-D345-94A341CCB1E4}"
EndProject
Project("{FAE04EC0-301F-11D3-BF4B-00C04F79EFBC}") = "MediaMonitor", "MediaMonitor_App\MediaMonitor.csproj", "{4E8A45A4-33ED-7710-5D0A-3D31D0DBAAA8}"
EndProject
Global
	GlobalSection(SolutionConfigurationPlatforms) = preSolution
		Debug|Any CPU = Debug|Any CPU
		Release|Any CPU = Release|Any CPU
	EndGlobalSection
	GlobalSection(ProjectConfigurationPlatforms) = postSolution
		{FD5A4A20-4358-C998-D345-94A341CCB1E4}.Debug|Any CPU.ActiveCfg = Debug|Any CPU
		{FD5A4A20-4358-C998-D345-94A341CCB1E4}.Debug|Any CPU.Build.0 = Debug|Any CPU
		{FD5A4A20-4358-C998-D345-94A341CCB1E4}.Release|Any CPU.ActiveCfg = Release|Any CPU
		{FD5A4A20-4358-C998-D345-94A341CCB1E4}.Release|Any CPU.Build.0 = Release|Any CPU
		{4E8A45A4-33ED-7710-5D0A-3D31D0DBAAA8}.Debug|Any CPU.ActiveCfg = Debug|Any CPU
		{4E8A45A4-33ED-7710-5D0A-3D31D0DBAAA8}.Debug|Any CPU.Build.0 = Debug|Any CPU
		{4E8A45A4-33ED-7710-5D0A-3D31D0DBAAA8}.Release|Any CPU.ActiveCfg = Release|Any CPU
		{4E8A45A4-33ED-7710-5D0A-3D31D0DBAAA8}.Release|Any CPU.Build.0 = Release|Any CPU
	EndGlobalSection
	GlobalSection(SolutionProperties) = preSolution
		HideSolutionNode = FALSE
	EndGlobalSection
	GlobalSection(ExtensibilityGlobals) = postSolution
		SolutionGuid = {32891273-94D3-465F-8A9D-6CF838EFED72}
	EndGlobalSection
EndGlobal
